
Microsoft Visual Studio Solution File, Format Version 12.00
# Visual Studio Version 17
VisualStudioVersion = 17.9.34616.47
MinimumVisualStudioVersion = 10.0.40219.1
Project("{FAE04EC0-301F-11D3-BF4B-00C04F79EFBC}") = "ScreenSound", "ScreenSound\ScreenSound.csproj", "{29F9FB50-271F-48AE-B4D1-54FAA48770B9}"
EndProject
Global
	GlobalSection(SolutionConfigurationPlatforms) = preSolution
		Debug|Any CPU = Debug|Any CPU
		Release|Any CPU = Release|Any CPU
	EndGlobalSection
	GlobalSection(ProjectConfigurationPlatforms) = postSolution
		{29F9FB50-271F-48AE-B4D1-54FAA48770B9}.Debug|Any CPU.ActiveCfg = Debug|Any CPU
		{29F9FB50-271F-48AE-B4D1-54FAA48770B9}.Debug|Any CPU.Build.0 = Debug|Any CPU
		{29F9FB50-271F-48AE-B4D1-54FAA48770B9}.Release|Any CPU.ActiveCfg = Release|Any CPU
		{29F9FB50-271F-48AE-B4D1-54FAA48770B9}.Release|Any CPU.Build.0 = Release|Any CPU
	EndGlobalSection
	GlobalSection(SolutionProperties) = preSolution
		HideSolutionNode = FALSE
	EndGlobalSection
	GlobalSection(ExtensibilityGlobals) = postSolution
		SolutionGuid = {08CBEBB0-B59B-4230-A2AF-834D4E4664D1}
	EndGlobalSection
EndGlobal
